
Microsoft Visual Studio Solution File, Format Version 12.00
# Visual Studio Version 17
VisualStudioVersion = 17.7.34221.43
MinimumVisualStudioVersion = 10.0.40219.1
Project("{FAE04EC0-301F-11D3-BF4B-00C04F79EFBC}") = "aulaTeorica", "aulaTeorica.csproj", "{0FED3241-9C55-409C-A749-DE932EBE5738}"
EndProject
Global
	GlobalSection(SolutionConfigurationPlatforms) = preSolution
		Debug|Any CPU = Debug|Any CPU
		Release|Any CPU = Release|Any CPU
	EndGlobalSection
	GlobalSection(ProjectConfigurationPlatforms) = postSolution
		{0FED3241-9C55-409C-A749-DE932EBE5738}.Debug|Any CPU.ActiveCfg = Debug|Any CPU
		{0FED3241-9C55-409C-A749-DE932EBE5738}.Debug|Any CPU.Build.0 = Debug|Any CPU
		{0FED3241-9C55-409C-A749-DE932EBE5738}.Release|Any CPU.ActiveCfg = Release|Any CPU
		{0FED3241-9C55-409C-A749-DE932EBE5738}.Release|Any CPU.Build.0 = Release|Any CPU
	EndGlobalSection
	GlobalSection(SolutionProperties) = preSolution
		HideSolutionNode = FALSE
	EndGlobalSection
	GlobalSection(ExtensibilityGlobals) = postSolution
		SolutionGuid = {53C086E0-026F-4CF3-B4D5-55FB8F03E255}
	EndGlobalSection
EndGlobal
